
Microsoft Visual Studio Solution File, Format Version 12.00
# Visual Studio Version 16
VisualStudioVersion = 16.0.29403.142
MinimumVisualStudioVersion = 10.0.40219.1
Project("{FAE04EC0-301F-11D3-BF4B-00C04F79EFBC}") = "Hapejot.OPParser", "Hapejot.OPParser.csproj", "{B8D6CC94-2A61-43A0-A484-9B4DBA160216}"
EndProject
Project("{FAE04EC0-301F-11D3-BF4B-00C04F79EFBC}") = "Hapejot.OPParser.Specification", "..\Hapejot.OPParser.Specification\Hapejot.OPParser.Specification.csproj", "{390A8C02-01FC-4EF8-BEDE-AF2BFBC89356}"
EndProject
Global
	GlobalSection(SolutionConfigurationPlatforms) = preSolution
		Debug|Any CPU = Debug|Any CPU
		Release|Any CPU = Release|Any CPU
	EndGlobalSection
	GlobalSection(ProjectConfigurationPlatforms) = postSolution
		{B8D6CC94-2A61-43A0-A484-9B4DBA160216}.Debug|Any CPU.ActiveCfg = Debug|Any CPU
		{B8D6CC94-2A61-43A0-A484-9B4DBA160216}.Debug|Any CPU.Build.0 = Debug|Any CPU
		{B8D6CC94-2A61-43A0-A484-9B4DBA160216}.Release|Any CPU.ActiveCfg = Release|Any CPU
		{B8D6CC94-2A61-43A0-A484-9B4DBA160216}.Release|Any CPU.Build.0 = Release|Any CPU
		{390A8C02-01FC-4EF8-BEDE-AF2BFBC89356}.Debug|Any CPU.ActiveCfg = Debug|Any CPU
		{390A8C02-01FC-4EF8-BEDE-AF2BFBC89356}.Debug|Any CPU.Build.0 = Debug|Any CPU
		{390A8C02-01FC-4EF8-BEDE-AF2BFBC89356}.Release|Any CPU.ActiveCfg = Release|Any CPU
		{390A8C02-01FC-4EF8-BEDE-AF2BFBC89356}.Release|Any CPU.Build.0 = Release|Any CPU
	EndGlobalSection
	GlobalSection(SolutionProperties) = preSolution
		HideSolutionNode = FALSE
	EndGlobalSection
	GlobalSection(ExtensibilityGlobals) = postSolution
		SolutionGuid = {3C681BF1-88B6-46F4-A7A5-F04E98BD9A30}
	EndGlobalSection
EndGlobal
